{
  "name": "sol-contracts",
  "lockfileVersion": 3,
  "requires": true,
  "packages": {
    "": {
      "dependencies": {
        "@prb/math": "^4.0.3"
      }
    },
    "node_modules/@prb/math": {
      "version": "4.0.3",
      "resolved": "https://registry.npmjs.org/@prb/math/-/math-4.0.3.tgz",
      "integrity": "sha512-/RSt3VU1k2m3ox6U6kUL1MrktnAHr8vhydXu4eDtqFAms1gm3XnGpoZIPaK1lm2zdJQmKBwJ4EXALPARsuOlaA=="
    }
  }
}
